
Microsoft Visual Studio Solution File, Format Version 12.00
# Visual Studio Version 17
VisualStudioVersion = 17.10.35122.118
MinimumVisualStudioVersion = 10.0.40219.1
Project("{FAE04EC0-301F-11D3-BF4B-00C04F79EFBC}") = "AppDemo", "AppDemo\AppDemo.csproj", "{5A521A7C-BBAC-4B37-BA8E-A089DE5785A3}"
EndProject
Project("{FAE04EC0-301F-11D3-BF4B-00C04F79EFBC}") = "AppDemo.Library", "AppDemo.Library\AppDemo.Library.csproj", "{A5394E5E-43FB-4083-A3C2-019C27C20891}"
EndProject
Global
	GlobalSection(SolutionConfigurationPlatforms) = preSolution
		Debug|Any CPU = Debug|Any CPU
		Release|Any CPU = Release|Any CPU
	EndGlobalSection
	GlobalSection(ProjectConfigurationPlatforms) = postSolution
		{5A521A7C-BBAC-4B37-BA8E-A089DE5785A3}.Debug|Any CPU.ActiveCfg = Debug|Any CPU
		{5A521A7C-BBAC-4B37-BA8E-A089DE5785A3}.Debug|Any CPU.Build.0 = Debug|Any CPU
		{5A521A7C-BBAC-4B37-BA8E-A089DE5785A3}.Release|Any CPU.ActiveCfg = Release|Any CPU
		{5A521A7C-BBAC-4B37-BA8E-A089DE5785A3}.Release|Any CPU.Build.0 = Release|Any CPU
		{A5394E5E-43FB-4083-A3C2-019C27C20891}.Debug|Any CPU.ActiveCfg = Debug|Any CPU
		{A5394E5E-43FB-4083-A3C2-019C27C20891}.Debug|Any CPU.Build.0 = Debug|Any CPU
		{A5394E5E-43FB-4083-A3C2-019C27C20891}.Release|Any CPU.ActiveCfg = Release|Any CPU
		{A5394E5E-43FB-4083-A3C2-019C27C20891}.Release|Any CPU.Build.0 = Release|Any CPU
	EndGlobalSection
	GlobalSection(SolutionProperties) = preSolution
		HideSolutionNode = FALSE
	EndGlobalSection
	GlobalSection(ExtensibilityGlobals) = postSolution
		SolutionGuid = {A5DC7C35-5833-4AA2-AF6C-FE979EB5AE39}
	EndGlobalSection
EndGlobal
